Microsoft Visual Studio Solution File, Format Version 10.00
# Visual Studio 2008
Project("{8BC9CEB8-8B4A-11D0-8D11-00A0C91BC942}") = "gtLib", "gtLib.vcproj", "{C6655EA1-B730-4819-9E2F-FE5006ED2042}"
EndProject
Global
	GlobalSection(SolutionConfigurationPlatforms) = preSolution
		Debug|Win32 = Debug|Win32
		Release|Win32 = Release|Win32
	EndGlobalSection
	GlobalSection(ProjectConfigurationPlatforms) = postSolution
		{C6655EA1-B730-4819-9E2F-FE5006ED2042}.Debug|Win32.ActiveCfg = Debug|Win32
		{C6655EA1-B730-4819-9E2F-FE5006ED2042}.Debug|Win32.Build.0 = Debug|Win32
		{C6655EA1-B730-4819-9E2F-FE5006ED2042}.Release|Win32.ActiveCfg = Release|Win32
		{C6655EA1-B730-4819-9E2F-FE5006ED2042}.Release|Win32.Build.0 = Release|Win32
	EndGlobalSection
	GlobalSection(SolutionProperties) = preSolution
		HideSolutionNode = FALSE
	EndGlobalSection
EndGlobal
